dependencies:
- name: argo-cd
  repository: https://argoproj.github.io/argo-helm
  version: 9.1.7
- name: argocd-apps
  repository: https://argoproj.github.io/argo-helm
  version: 2.0.2
digest: sha256:090b6f1942696d1e437b0fc8b1327b343628a3e5a06d08ea9a5277a86037d67c
generated: "2025-12-11T22:03:48.492474+01:00"
